
Microsoft Visual Studio Solution File, Format Version 12.00
# Visual Studio 15
VisualStudioVersion = 15.0.27130.2036
MinimumVisualStudioVersion = 10.0.40219.1
Project("{FAE04EC0-301F-11D3-BF4B-00C04F79EFBC}") = "HelloWorldWpf", "HelloWorldWpf\HelloWorldWpf.csproj", "{D00E032F-0614-453C-BD8C-FD330DCDCB7D}"
EndProject
Global
	GlobalSection(SolutionConfigurationPlatforms) = preSolution
		Debug|Any CPU = Debug|Any CPU
		Release|Any CPU = Release|Any CPU
	EndGlobalSection
	GlobalSection(ProjectConfigurationPlatforms) = postSolution
		{D00E032F-0614-453C-BD8C-FD330DCDCB7D}.Debug|Any CPU.ActiveCfg = Debug|Any CPU
		{D00E032F-0614-453C-BD8C-FD330DCDCB7D}.Debug|Any CPU.Build.0 = Debug|Any CPU
		{D00E032F-0614-453C-BD8C-FD330DCDCB7D}.Release|Any CPU.ActiveCfg = Release|Any CPU
		{D00E032F-0614-453C-BD8C-FD330DCDCB7D}.Release|Any CPU.Build.0 = Release|Any CPU
	EndGlobalSection
	GlobalSection(SolutionProperties) = preSolution
		HideSolutionNode = FALSE
	EndGlobalSection
	GlobalSection(ExtensibilityGlobals) = postSolution
		SolutionGuid = {AA2464CE-EAAF-4240-8674-65099AFCAB1D}
	EndGlobalSection
EndGlobal
