
Microsoft Visual Studio Solution File, Format Version 12.00
# Visual Studio 14
VisualStudioVersion = 14.0.25420.1
MinimumVisualStudioVersion = 10.0.40219.1
Project("{FAE04EC0-301F-11D3-BF4B-00C04F79EFBC}") = "MovieDatabase.Views.Wpf", "MovieDatabase\MovieDatabase.Views.Wpf.csproj", "{8EB155A8-76BA-4757-96B1-A8DBB486CE43}"
EndProject
Project("{FAE04EC0-301F-11D3-BF4B-00C04F79EFBC}") = "MovieDatabase.Views.WinForms", "MovieDatabaseWinForms\MovieDatabase.Views.WinForms.csproj", "{FDBD6E31-4F05-4FC2-BBE6-E0B3BA545150}"
EndProject
Project("{FAE04EC0-301F-11D3-BF4B-00C04F79EFBC}") = "MovieDatabase.ViewModels", "MovieDatabase.ViewModels\MovieDatabase.ViewModels.csproj", "{52B62781-4C9D-4DE9-A276-0ED66CF5B30E}"
EndProject
Project("{FAE04EC0-301F-11D3-BF4B-00C04F79EFBC}") = "MovieDatabase.Models", "MovieDatabase.Models\MovieDatabase.Models.csproj", "{1E033AFF-119C-4B6E-8687-325DE1721BD7}"
EndProject
Project("{FAE04EC0-301F-11D3-BF4B-00C04F79EFBC}") = "MovieDatabase.Interfaces", "MovieDatabase.Interfaces\MovieDatabase.Interfaces.csproj", "{572C18E5-006A-4660-AEE3-560CC4FDC76F}"
EndProject
Global
	GlobalSection(SolutionConfigurationPlatforms) = preSolution
		Debug|Any CPU = Debug|Any CPU
	EndGlobalSection
	GlobalSection(ProjectConfigurationPlatforms) = postSolution
		{8EB155A8-76BA-4757-96B1-A8DBB486CE43}.Debug|Any CPU.ActiveCfg = Debug|Any CPU
		{8EB155A8-76BA-4757-96B1-A8DBB486CE43}.Debug|Any CPU.Build.0 = Debug|Any CPU
		{FDBD6E31-4F05-4FC2-BBE6-E0B3BA545150}.Debug|Any CPU.ActiveCfg = Debug|Any CPU
		{FDBD6E31-4F05-4FC2-BBE6-E0B3BA545150}.Debug|Any CPU.Build.0 = Debug|Any CPU
		{52B62781-4C9D-4DE9-A276-0ED66CF5B30E}.Debug|Any CPU.ActiveCfg = Debug|Any CPU
		{52B62781-4C9D-4DE9-A276-0ED66CF5B30E}.Debug|Any CPU.Build.0 = Debug|Any CPU
		{1E033AFF-119C-4B6E-8687-325DE1721BD7}.Debug|Any CPU.ActiveCfg = Debug|Any CPU
		{1E033AFF-119C-4B6E-8687-325DE1721BD7}.Debug|Any CPU.Build.0 = Debug|Any CPU
		{572C18E5-006A-4660-AEE3-560CC4FDC76F}.Debug|Any CPU.ActiveCfg = Debug|Any CPU
		{572C18E5-006A-4660-AEE3-560CC4FDC76F}.Debug|Any CPU.Build.0 = Debug|Any CPU
	EndGlobalSection
	GlobalSection(SolutionProperties) = preSolution
		HideSolutionNode = FALSE
	EndGlobalSection
EndGlobal
