
Microsoft Visual Studio Solution File, Format Version 12.00
# Visual Studio 15
VisualStudioVersion = 15.0.27130.2036
MinimumVisualStudioVersion = 10.0.40219.1
Project("{FAE04EC0-301F-11D3-BF4B-00C04F79EFBC}") = "Binding", "Binding\Binding.csproj", "{C40EF58E-64ED-4D34-A7FD-55D6015490AE}"
EndProject
Global
	GlobalSection(SolutionConfigurationPlatforms) = preSolution
		Debug|Any CPU = Debug|Any CPU
		Release|Any CPU = Release|Any CPU
	EndGlobalSection
	GlobalSection(ProjectConfigurationPlatforms) = postSolution
		{C40EF58E-64ED-4D34-A7FD-55D6015490AE}.Debug|Any CPU.ActiveCfg = Debug|Any CPU
		{C40EF58E-64ED-4D34-A7FD-55D6015490AE}.Debug|Any CPU.Build.0 = Debug|Any CPU
		{C40EF58E-64ED-4D34-A7FD-55D6015490AE}.Release|Any CPU.ActiveCfg = Release|Any CPU
		{C40EF58E-64ED-4D34-A7FD-55D6015490AE}.Release|Any CPU.Build.0 = Release|Any CPU
	EndGlobalSection
	GlobalSection(SolutionProperties) = preSolution
		HideSolutionNode = FALSE
	EndGlobalSection
	GlobalSection(ExtensibilityGlobals) = postSolution
		SolutionGuid = {F92E00F8-BA2B-4B52-B867-ADE7A32F74F1}
	EndGlobalSection
EndGlobal
