
Microsoft Visual Studio Solution File, Format Version 12.00
# Visual Studio 15
VisualStudioVersion = 15.0.27130.2036
MinimumVisualStudioVersion = 10.0.40219.1
Project("{FAE04EC0-301F-11D3-BF4B-00C04F79EFBC}") = "Grid", "Grid\Grid.csproj", "{B397EB4A-4175-409D-BBD8-FFD2ECAFF608}"
EndProject
Global
	GlobalSection(SolutionConfigurationPlatforms) = preSolution
		Debug|Any CPU = Debug|Any CPU
		Release|Any CPU = Release|Any CPU
	EndGlobalSection
	GlobalSection(ProjectConfigurationPlatforms) = postSolution
		{B397EB4A-4175-409D-BBD8-FFD2ECAFF608}.Debug|Any CPU.ActiveCfg = Debug|Any CPU
		{B397EB4A-4175-409D-BBD8-FFD2ECAFF608}.Debug|Any CPU.Build.0 = Debug|Any CPU
		{B397EB4A-4175-409D-BBD8-FFD2ECAFF608}.Release|Any CPU.ActiveCfg = Release|Any CPU
		{B397EB4A-4175-409D-BBD8-FFD2ECAFF608}.Release|Any CPU.Build.0 = Release|Any CPU
	EndGlobalSection
	GlobalSection(SolutionProperties) = preSolution
		HideSolutionNode = FALSE
	EndGlobalSection
	GlobalSection(ExtensibilityGlobals) = postSolution
		SolutionGuid = {F69E0464-8338-4B7F-B175-E6F3DB3E1953}
	EndGlobalSection
EndGlobal
