
Microsoft Visual Studio Solution File, Format Version 12.00
# Visual Studio 15
VisualStudioVersion = 15.0.27130.2036
MinimumVisualStudioVersion = 10.0.40219.1
Project("{FAE04EC0-301F-11D3-BF4B-00C04F79EFBC}") = "Binding_Grid", "Binding_Grid\Binding_Grid.csproj", "{D2C65E3D-0293-42D4-884D-7934FD5063C1}"
EndProject
Global
	GlobalSection(SolutionConfigurationPlatforms) = preSolution
		Debug|Any CPU = Debug|Any CPU
		Release|Any CPU = Release|Any CPU
	EndGlobalSection
	GlobalSection(ProjectConfigurationPlatforms) = postSolution
		{D2C65E3D-0293-42D4-884D-7934FD5063C1}.Debug|Any CPU.ActiveCfg = Debug|Any CPU
		{D2C65E3D-0293-42D4-884D-7934FD5063C1}.Debug|Any CPU.Build.0 = Debug|Any CPU
		{D2C65E3D-0293-42D4-884D-7934FD5063C1}.Release|Any CPU.ActiveCfg = Release|Any CPU
		{D2C65E3D-0293-42D4-884D-7934FD5063C1}.Release|Any CPU.Build.0 = Release|Any CPU
	EndGlobalSection
	GlobalSection(SolutionProperties) = preSolution
		HideSolutionNode = FALSE
	EndGlobalSection
	GlobalSection(ExtensibilityGlobals) = postSolution
		SolutionGuid = {1DDFC9F1-0CCA-4DFE-BF96-11CA9D76F2B7}
	EndGlobalSection
EndGlobal
